
Microsoft Visual Studio Solution File, Format Version 12.00
# Visual Studio Version 16
VisualStudioVersion = 16.0.30907.101
MinimumVisualStudioVersion = 10.0.40219.1
Project("{FAE04EC0-301F-11D3-BF4B-00C04F79EFBC}") = "ProjWFAula1", "ProjWFAula1\ProjWFAula1.csproj", "{ACD48FF8-0CA7-4FC5-8791-111A8EA53E14}"
EndProject
Project("{FAE04EC0-301F-11D3-BF4B-00C04F79EFBC}") = "Model", "Model\Model.csproj", "{5AF063FD-3F01-4CA6-8610-17E3EEE45D66}"
EndProject
Project("{FAE04EC0-301F-11D3-BF4B-00C04F79EFBC}") = "Dal", "Dal\Dal.csproj", "{B215546E-A3F3-4223-9721-5B3B304D9023}"
EndProject
Global
	GlobalSection(SolutionConfigurationPlatforms) = preSolution
		Debug|Any CPU = Debug|Any CPU
		Release|Any CPU = Release|Any CPU
	EndGlobalSection
	GlobalSection(ProjectConfigurationPlatforms) = postSolution
		{ACD48FF8-0CA7-4FC5-8791-111A8EA53E14}.Debug|Any CPU.ActiveCfg = Debug|Any CPU
		{ACD48FF8-0CA7-4FC5-8791-111A8EA53E14}.Debug|Any CPU.Build.0 = Debug|Any CPU
		{ACD48FF8-0CA7-4FC5-8791-111A8EA53E14}.Release|Any CPU.ActiveCfg = Release|Any CPU
		{ACD48FF8-0CA7-4FC5-8791-111A8EA53E14}.Release|Any CPU.Build.0 = Release|Any CPU
		{5AF063FD-3F01-4CA6-8610-17E3EEE45D66}.Debug|Any CPU.ActiveCfg = Debug|Any CPU
		{5AF063FD-3F01-4CA6-8610-17E3EEE45D66}.Debug|Any CPU.Build.0 = Debug|Any CPU
		{5AF063FD-3F01-4CA6-8610-17E3EEE45D66}.Release|Any CPU.ActiveCfg = Release|Any CPU
		{5AF063FD-3F01-4CA6-8610-17E3EEE45D66}.Release|Any CPU.Build.0 = Release|Any CPU
		{B215546E-A3F3-4223-9721-5B3B304D9023}.Debug|Any CPU.ActiveCfg = Debug|Any CPU
		{B215546E-A3F3-4223-9721-5B3B304D9023}.Debug|Any CPU.Build.0 = Debug|Any CPU
		{B215546E-A3F3-4223-9721-5B3B304D9023}.Release|Any CPU.ActiveCfg = Release|Any CPU
		{B215546E-A3F3-4223-9721-5B3B304D9023}.Release|Any CPU.Build.0 = Release|Any CPU
	EndGlobalSection
	GlobalSection(SolutionProperties) = preSolution
		HideSolutionNode = FALSE
	EndGlobalSection
	GlobalSection(ExtensibilityGlobals) = postSolution
		SolutionGuid = {67621A68-7BD2-47A5-97FE-1CC3AA535FE3}
	EndGlobalSection
EndGlobal
